# Generated by conda-lock.
# platform: osx-64
# input_hash: 5558d397e331071df0d04812c6f45e9c82062e8596405954608807a2f2da505e
@EXPLICIT
https://conda.anaconda.org/conda-forge/osx-64/bzip2-1.0.8-h0d85af4_4.tar.bz2#37edc4e6304ca87316e160f5ca0bd1b5
https://conda.anaconda.org/conda-forge/osx-64/c-ares-1.17.2-h0d85af4_0.tar.bz2#133e6624e8c549a83f5350847d3e0a43
https://conda.anaconda.org/conda-forge/osx-64/ca-certificates-2021.10.8-h033912b_0.tar.bz2#bb82d0243db9882b509702ecb69e38f0
https://conda.anaconda.org/conda-forge/osx-64/libcxx-12.0.1-habf9029_0.tar.bz2#49c188a7f9c7c9ddabafc80cc5625bb7
https://conda.anaconda.org/conda-forge/osx-64/libev-4.33-haf1e3a3_1.tar.bz2#79dc2be110b2a3d1e97ec21f691c50ad
https://conda.anaconda.org/conda-forge/osx-64/libiconv-1.16-haf1e3a3_0.tar.bz2#c5fab167412a52e491c8e11453ae016f
https://conda.anaconda.org/conda-forge/osx-64/libsodium-1.0.18-hbcb3906_1.tar.bz2#24632c09ed931af617fe6d5292919cab
https://conda.anaconda.org/conda-forge/osx-64/libzlib-1.2.11-h9173be1_1013.tar.bz2#a3a6a53beaa92c5cfe52ee3a198e78cc
https://conda.anaconda.org/conda-forge/osx-64/llvm-openmp-12.0.1-hda6cdc1_1.tar.bz2#35b1fd6ed9f0f1c68583dc9c9f672513
https://conda.anaconda.org/conda-forge/osx-64/lzo-2.10-haf1e3a3_1000.tar.bz2#0b6bca372a95d6c602c7a922e928ce79
https://conda.anaconda.org/conda-forge/osx-64/ncurses-6.2-h2e338ed_4.tar.bz2#9cef1910395d1543527583e73dba30f1
https://conda.anaconda.org/conda-forge/osx-64/pandoc-2.14.2-h0d85af4_0.tar.bz2#b6f58ad8350fb4b5630debe4f89dea0b
https://conda.anaconda.org/conda-forge/osx-64/reproc-14.2.3-h0d85af4_0.tar.bz2#6f87f4707e4daf5823ce56dce5d9fbea
https://conda.anaconda.org/conda-forge/noarch/tzdata-2021d-he74cb21_0.tar.bz2#e77b56f22b2b151a068395e77568a105
https://conda.anaconda.org/conda-forge/osx-64/xz-5.2.5-haf1e3a3_1.tar.bz2#41116deb499e9bc58048c297d6403ce6
https://conda.anaconda.org/conda-forge/osx-64/yaml-0.2.5-haf1e3a3_0.tar.bz2#84c2fc186995c25a43e86ed708065572
https://conda.anaconda.org/conda-forge/osx-64/geos-3.9.1-he49afe7_2.tar.bz2#bd87b3078f6c10345cab62f3f8a6a04e
https://conda.anaconda.org/conda-forge/osx-64/icu-68.1-h74dc148_0.tar.bz2#e4e7f8580abd1275ea2250fe606b66ac
https://conda.anaconda.org/conda-forge/osx-64/libedit-3.1.20191231-h0678c8f_2.tar.bz2#6016a8a1d0e63cac3de2c352cd40208b
https://conda.anaconda.org/conda-forge/osx-64/libffi-3.4.2-he49afe7_4.tar.bz2#48225bf0af2dafda90351a29deb33d13
https://conda.anaconda.org/conda-forge/osx-64/libgfortran5-9.3.0-h6c81a4c_23.tar.bz2#a6956ceb628b14594613cefee5127a7a
https://conda.anaconda.org/conda-forge/osx-64/lz4-c-1.9.3-he49afe7_1.tar.bz2#05c08241b66631c00ca4f9e0b75320bc
https://conda.anaconda.org/conda-forge/osx-64/openssl-1.1.1l-h0d85af4_0.tar.bz2#f7bcdbb7a5dae97030eee20b884b1f8a
https://conda.anaconda.org/conda-forge/osx-64/readline-8.1-h05e3726_0.tar.bz2#2832e9b6a7caa7cb192fcda6cfcd8871
https://conda.anaconda.org/conda-forge/osx-64/reproc-cpp-14.2.3-he49afe7_0.tar.bz2#7dafcfaa471cd16cbd73832cefc39770
https://conda.anaconda.org/conda-forge/osx-64/zeromq-4.3.4-he49afe7_1.tar.bz2#1972d732b123ed04b60fd21e94f0b178
https://conda.anaconda.org/conda-forge/osx-64/zlib-1.2.11-h9173be1_1013.tar.bz2#cf985617d679990418c380099620b01a
https://conda.anaconda.org/conda-forge/osx-64/libgfortran-5.0.0-9_3_0_h6c81a4c_23.tar.bz2#60f48cef2d50674e0428c5579b6c3f66
https://conda.anaconda.org/conda-forge/osx-64/libnghttp2-1.43.0-h6f36284_1.tar.bz2#8489d081927ce544b21a64c9e1c254ee
https://conda.anaconda.org/conda-forge/osx-64/libsolv-0.7.19-hcf210ce_5.tar.bz2#d9031372f6d2286bfc835c66e73a1264
https://conda.anaconda.org/conda-forge/osx-64/libssh2-1.10.0-h52ee1ee_2.tar.bz2#8c8f3804e8e252b47443cfe8e40eddf9
https://conda.anaconda.org/conda-forge/osx-64/libxml2-2.9.12-h93ec3fd_0.tar.bz2#3bb7e5cd72ee6520ce6e26600a1283db
https://conda.anaconda.org/conda-forge/osx-64/sqlite-3.36.0-h23a322b_2.tar.bz2#9683f769193cd3148dc1fbeb59093921
https://conda.anaconda.org/conda-forge/osx-64/tk-8.6.11-h5dbffcc_1.tar.bz2#e35b11155bd70facee39dfdec7368ad0
https://conda.anaconda.org/conda-forge/osx-64/zstd-1.5.0-h582d3a0_0.tar.bz2#96a04eeb0146059f0c2d63491f77d6d0
https://conda.anaconda.org/conda-forge/osx-64/krb5-1.19.2-hcfbf3a7_2.tar.bz2#ca27ac57462b96f074f41d994b74da56
https://conda.anaconda.org/conda-forge/osx-64/libarchive-3.5.2-h2b60450_1.tar.bz2#598a850147b8622e8348cbf6578effaf
https://conda.anaconda.org/conda-forge/osx-64/libopenblas-0.3.18-openmp_h3351f45_0.tar.bz2#a0636ed965924977a848fd0d0258cf17
https://conda.anaconda.org/conda-forge/osx-64/python-3.9.7-h1248fe1_3_cpython.tar.bz2#dccba020ae27c945e61df410a779ec18
https://conda.anaconda.org/conda-forge/noarch/alabaster-0.7.12-py_0.tar.bz2#2489a97287f90176ecdc3ca982b4b0a0
https://conda.anaconda.org/conda-forge/noarch/async_generator-1.10-py_0.tar.bz2#d56c596e61b1c4952acf0a9920856c12
https://conda.anaconda.org/conda-forge/noarch/attrs-21.2.0-pyhd8ed1ab_0.tar.bz2#d2e1c7f388ac403df7079b411c37cc50
https://conda.anaconda.org/conda-forge/noarch/backcall-0.2.0-pyh9f0ad1d_0.tar.bz2#6006a6d08a3fa99268a2681c7fb55213
https://conda.anaconda.org/conda-forge/noarch/backports-1.0-py_2.tar.bz2#0da16b293affa6ac31812376f8eb79dd
https://conda.anaconda.org/conda-forge/noarch/blinker-1.4-py_1.tar.bz2#fa509a09190583f869ae442bf4d17f5f
https://conda.anaconda.org/conda-forge/noarch/charset-normalizer-2.0.0-pyhd8ed1ab_0.tar.bz2#4a57e24d5b759893615c05926b7b5fb9
https://conda.anaconda.org/conda-forge/noarch/click-7.1.2-pyh9f0ad1d_0.tar.bz2#bd50a970ce07e660c319fdc4d730d3f1
https://conda.anaconda.org/conda-forge/noarch/colorama-0.4.4-pyh9f0ad1d_0.tar.bz2#c08b4c1326b880ed44f3ffb04803332f
https://conda.anaconda.org/conda-forge/noarch/dataclasses-0.8-pyhc8e2a94_3.tar.bz2#a362b2124b06aad102e2ee4581acee7d
https://conda.anaconda.org/conda-forge/noarch/decorator-5.1.0-pyhd8ed1ab_0.tar.bz2#71b13ba2e0efcff45646f05d619534b0
https://conda.anaconda.org/conda-forge/noarch/defusedxml-0.7.1-pyhd8ed1ab_0.tar.bz2#961b3a227b437d82ad7054484cfa71b2
https://conda.anaconda.org/conda-forge/noarch/idna-3.1-pyhd3deb0d_0.tar.bz2#9c9aea4b8391264477df484f798562d0
https://conda.anaconda.org/conda-forge/noarch/imagesize-1.2.0-py_0.tar.bz2#5879bd2c4b399a5072468e5fe587bf1b
https://conda.anaconda.org/conda-forge/noarch/ipython_genutils-0.2.0-py_1.tar.bz2#5071c982548b3a20caf70462f04f5287
https://conda.anaconda.org/conda-forge/noarch/json5-0.9.5-pyh9f0ad1d_0.tar.bz2#10759827a94e6b14996e81fb002c0bda
https://conda.anaconda.org/conda-forge/noarch/jupyterlab_widgets-1.0.2-pyhd8ed1ab_0.tar.bz2#eaff56fe28d1236076aa3bb13c35b434
https://conda.anaconda.org/conda-forge/osx-64/libblas-3.9.0-12_osx64_openblas.tar.bz2#3d38a706f06849a4b08f8a3f642bec93
https://conda.anaconda.org/conda-forge/osx-64/libcurl-7.79.1-hf45b732_1.tar.bz2#41b4362d0cfe1d2c06159ce24c2349e7
https://conda.anaconda.org/conda-forge/noarch/nest-asyncio-1.5.1-pyhd8ed1ab_0.tar.bz2#47a51a5b8f9cc41004c8d7bd88b62447
https://conda.anaconda.org/conda-forge/noarch/pamela-1.0.0-py_0.tar.bz2#36f6f18d2f3ae0c93d77a9dbedad08c3
https://conda.anaconda.org/conda-forge/noarch/pandocfilters-1.5.0-pyhd8ed1ab_0.tar.bz2#457c2c8c08e54905d6954e79cb5b5db9
https://conda.anaconda.org/conda-forge/noarch/parso-0.8.2-pyhd8ed1ab_0.tar.bz2#fb40b157bd62b457a1cc82527b63f0b0
https://conda.anaconda.org/conda-forge/noarch/prometheus_client-0.11.0-pyhd8ed1ab_0.tar.bz2#01f530bf82d9f589c2087b8c347d5e29
https://conda.anaconda.org/conda-forge/noarch/ptyprocess-0.7.0-pyhd3deb0d_0.tar.bz2#359eeb6536da0e687af562ed265ec263
https://conda.anaconda.org/conda-forge/noarch/pycparser-2.20-pyh9f0ad1d_2.tar.bz2#aa798d50ffd182a0f6f31478c7f434f6
https://conda.anaconda.org/conda-forge/noarch/pyjwt-2.3.0-pyhd8ed1ab_0.tar.bz2#4eb3e2f2732ec43c569fe26f96c490f5
https://conda.anaconda.org/conda-forge/noarch/pyparsing-2.4.7-pyh9f0ad1d_0.tar.bz2#626c4f20d5bf06dcec9cf2eaa31725c7
https://conda.anaconda.org/conda-forge/noarch/python-json-logger-2.0.1-pyh9f0ad1d_0.tar.bz2#aed452f2f9f8bc8b2b0c412975051b5b
https://conda.anaconda.org/conda-forge/osx-64/python_abi-3.9-2_cp39.tar.bz2#262f557ee8ca777fe2190956038024cd
https://conda.anaconda.org/conda-forge/noarch/pytz-2021.3-pyhd8ed1ab_0.tar.bz2#7e4f811bff46a5a6a7e0094921389395
https://conda.anaconda.org/conda-forge/noarch/send2trash-1.8.0-pyhd8ed1ab_0.tar.bz2#edab14119efe85c3bf131ad747e9005c
https://conda.anaconda.org/conda-forge/noarch/shellingham-1.4.0-pyh44b312d_0.tar.bz2#437655338696f9d0dfdb0a024e66b255
https://conda.anaconda.org/conda-forge/noarch/six-1.16.0-pyh6c4a22f_0.tar.bz2#e5f25f8dbc060e9a8d912e432202afc2
https://conda.anaconda.org/conda-forge/noarch/smmap-3.0.5-pyh44b312d_0.tar.bz2#3a8dc70789709aa315325d5df06fb7e4
https://conda.anaconda.org/conda-forge/noarch/snowballstemmer-2.1.0-pyhd8ed1ab_0.tar.bz2#f1d64c0cf0eedf655a96ccdc1573c05a
https://conda.anaconda.org/conda-forge/noarch/soupsieve-2.0.1-py_1.tar.bz2#aa1db70848c19bace567ba39a157f508
https://conda.anaconda.org/conda-forge/noarch/sphinxcontrib-applehelp-1.0.2-py_0.tar.bz2#20b2eaeaeea4ef9a9a0d99770620fd09
https://conda.anaconda.org/conda-forge/noarch/sphinxcontrib-devhelp-1.0.2-py_0.tar.bz2#68e01cac9d38d0e717cd5c87bc3d2cc9
https://conda.anaconda.org/conda-forge/noarch/sphinxcontrib-htmlhelp-2.0.0-pyhd8ed1ab_0.tar.bz2#77dad82eb9c8c1525ff7953e0756d708
https://conda.anaconda.org/conda-forge/noarch/sphinxcontrib-jsmath-1.0.1-py_0.tar.bz2#67cd9d9c0382d37479b4d306c369a2d4
https://conda.anaconda.org/conda-forge/noarch/sphinxcontrib-qthelp-1.0.3-py_0.tar.bz2#d01180388e6d1838c3e1ad029590aa7a
https://conda.anaconda.org/conda-forge/noarch/sphinxcontrib-serializinghtml-1.1.5-pyhd8ed1ab_0.tar.bz2#60e630285f44af05767dcb7f473ee03f
https://conda.anaconda.org/conda-forge/noarch/testpath-0.5.0-pyhd8ed1ab_0.tar.bz2#53b57d6a468bebc7cef1253b177a5e9e
https://conda.anaconda.org/conda-forge/noarch/toml-0.10.2-pyhd8ed1ab_0.tar.bz2#f832c45a477c78bebd107098db465095
https://conda.anaconda.org/conda-forge/noarch/traitlets-5.1.0-pyhd8ed1ab_0.tar.bz2#f6ba1dcaac382d318901f44c0eb3dcb8
https://conda.anaconda.org/conda-forge/noarch/typing_extensions-3.10.0.2-pyha770c72_0.tar.bz2#85dfd487a244bbe2cf7019ce8a39b5bc
https://conda.anaconda.org/conda-forge/noarch/uc-micro-py-1.0.1-pyhd8ed1ab_0.tar.bz2#3ddf6684d9b274a12c94e509ca45656c
https://conda.anaconda.org/conda-forge/noarch/webencodings-0.5.1-py_1.tar.bz2#3563be4c5611a44210d9ba0c16113136
https://conda.anaconda.org/conda-forge/noarch/wheel-0.37.0-pyhd8ed1ab_1.tar.bz2#3aa2c3e25dd361b453d010388b9cdff1
https://conda.anaconda.org/conda-forge/noarch/zipp-3.6.0-pyhd8ed1ab_0.tar.bz2#855e2c4622f5eb50a4f6f7167b9ba17a
https://conda.anaconda.org/conda-forge/osx-64/appnope-0.1.2-py39h6e9494a_1.tar.bz2#d9b6464e55c4d9a7757c6294b8673400
https://conda.anaconda.org/conda-forge/noarch/babel-2.9.1-pyh44b312d_0.tar.bz2#74136ed39bfea0832d338df1e58d013e
https://conda.anaconda.org/conda-forge/noarch/beautifulsoup4-4.10.0-pyha770c72_0.tar.bz2#c29e0b4a2ff546cedbe6dc2921948a1d
https://conda.anaconda.org/conda-forge/osx-64/certifi-2021.10.8-py39h6e9494a_0.tar.bz2#d88f80a9b5f55ee407e357cf7f3d38eb
https://conda.anaconda.org/conda-forge/osx-64/cffi-1.14.6-py39he338e87_1.tar.bz2#aad4ef58510d3c4ea6537206df84c472
https://conda.anaconda.org/conda-forge/osx-64/chardet-4.0.0-py39h6e9494a_1.tar.bz2#f514d534fca0f9876720954703250c88
https://conda.anaconda.org/conda-forge/noarch/click-log-0.3.2-pyh9f0ad1d_0.tar.bz2#3a64d156136fad977df1b81a24b57ac0
https://conda.anaconda.org/conda-forge/osx-64/debugpy-1.4.1-py39h9fcab8e_0.tar.bz2#9493313c359d78a3d7c82697c4f5916b
https://conda.anaconda.org/conda-forge/osx-64/docutils-0.16-py39h6e9494a_3.tar.bz2#c251f3d6defc0e68aef889b41e43df60
https://conda.anaconda.org/conda-forge/osx-64/entrypoints-0.3-py39hde42818_1002.tar.bz2#fb8afe91904c7e3544dab6801b23436e
https://conda.anaconda.org/conda-forge/noarch/gitdb-4.0.7-pyhd8ed1ab_0.tar.bz2#12977b4cc317a6ee2939aedcb09a4898
https://conda.anaconda.org/conda-forge/osx-64/greenlet-1.1.2-py39h9fcab8e_0.tar.bz2#18899f65ebf2bab1a9bdd28ba0dc341a
https://conda.anaconda.org/conda-forge/osx-64/importlib-metadata-4.8.1-py39h6e9494a_0.tar.bz2#93ea2b31449fd47d8ffebf336993ee95
https://conda.anaconda.org/conda-forge/osx-64/importlib_resources-3.3.1-py39h6e9494a_0.tar.bz2#fa9d8049069a4a3ab5ec5a2089d1d2be
https://conda.anaconda.org/conda-forge/osx-64/jedi-0.18.0-py39h6e9494a_2.tar.bz2#e744e49642242ea6ab59b56d11df9466
https://conda.anaconda.org/conda-forge/osx-64/jupyter_core-4.8.1-py39h6e9494a_0.tar.bz2#9a29bef4757f73ba84939cffdeca4614
https://conda.anaconda.org/conda-forge/noarch/latexcodec-2.0.1-pyh9f0ad1d_0.tar.bz2#8d67904973263afd2985ba56aa2d6bb4
https://conda.anaconda.org/conda-forge/osx-64/libcblas-3.9.0-12_osx64_openblas.tar.bz2#0cb9afc4cfdc6e95aa38328fc1befa05
https://conda.anaconda.org/conda-forge/osx-64/liblapack-3.9.0-12_osx64_openblas.tar.bz2#ca35c8b85ced3a53059c7a001518cbae
https://conda.anaconda.org/conda-forge/noarch/linkify-it-py-1.0.1-pyhd8ed1ab_0.tar.bz2#ba62f26244ee9275094ed243228c6318
https://conda.anaconda.org/conda-forge/noarch/markdown-it-py-1.1.0-pyhd8ed1ab_0.tar.bz2#84e8dfb1a9e6a824f32fd45b867271ca
https://conda.anaconda.org/conda-forge/osx-64/markupsafe-2.0.1-py39h89e85a6_0.tar.bz2#573ebdf373782a914d363f58da4edf20
https://conda.anaconda.org/conda-forge/noarch/matplotlib-inline-0.1.3-pyhd8ed1ab_0.tar.bz2#be3bfd435802d2c768c6b2439f325f3d
https://conda.anaconda.org/conda-forge/osx-64/mistune-0.8.4-py39h89e85a6_1004.tar.bz2#72b6344d22df075a39b79cff7c30dc7d
https://conda.anaconda.org/conda-forge/noarch/packaging-21.0-pyhd8ed1ab_0.tar.bz2#45cfb8e482b5cce8f07c87e0e19a592c
https://conda.anaconda.org/conda-forge/noarch/pexpect-4.8.0-pyh9f0ad1d_2.tar.bz2#5909e7b978141dd80d28dbf9de627827
https://conda.anaconda.org/conda-forge/osx-64/pickleshare-0.7.5-py39hde42818_1002.tar.bz2#ea16ea8f9953518f231b76ca97acea9a
https://conda.anaconda.org/conda-forge/osx-64/psutil-5.8.0-py39h89e85a6_1.tar.bz2#7bdf1a038c5aa4997a55e5e156e1c9db
https://conda.anaconda.org/conda-forge/osx-64/pycosat-0.6.3-py39h89e85a6_1006.tar.bz2#a6e2b1f6c3120caa5ad3fc8bff5a87a7
https://conda.anaconda.org/conda-forge/osx-64/pycurl-7.44.1-py39h4f3ba6a_0.tar.bz2#7c7be7aefe3a27cf00d1cc143cd73b95
https://conda.anaconda.org/conda-forge/osx-64/pyrsistent-0.17.3-py39h89e85a6_2.tar.bz2#5be6b878edc3dee9c997675af8de1370
https://conda.anaconda.org/conda-forge/osx-64/pysocks-1.7.1-py39h6e9494a_3.tar.bz2#9badaee0fe9f61aa4794987f88e543fe
https://conda.anaconda.org/conda-forge/noarch/python-dateutil-2.8.2-pyhd8ed1ab_0.tar.bz2#dd999d1cc9f79e67dbb855c8924c7984
https://conda.anaconda.org/conda-forge/osx-64/pyyaml-6.0-py39h89e85a6_0.tar.bz2#ca4c000f9f5dbb3e7afe3b16afb1ffb6
https://conda.anaconda.org/conda-forge/osx-64/pyzmq-22.3.0-py39h7fec2f1_0.tar.bz2#217d1df82b042a7b2a7923e90f2d1cc9
https://conda.anaconda.org/conda-forge/osx-64/ruamel.yaml.clib-0.2.2-py39hcbf5805_2.tar.bz2#430e9052a0e6d45bb7426fba8635a244
https://conda.anaconda.org/conda-forge/osx-64/ruamel_yaml-0.15.80-py39h89e85a6_1004.tar.bz2#e7b1f385a3605d8b0fc3c08d7edf05ac
https://conda.anaconda.org/conda-forge/osx-64/setuptools-58.2.0-py39h6e9494a_0.tar.bz2#4d9b1eaffa413a918d9a7017232f02bd
https://conda.anaconda.org/conda-forge/osx-64/sniffio-1.2.0-py39h6e9494a_1.tar.bz2#87b5527d122577e0f35273a6c35acb3c
https://conda.anaconda.org/conda-forge/osx-64/tornado-6.1-py39h89e85a6_1.tar.bz2#1850c930b8e1e47f50d287c86c53e714
https://conda.anaconda.org/conda-forge/noarch/tqdm-4.62.3-pyhd8ed1ab_0.tar.bz2#24ed42db084efd6e615babec03c2b460
https://conda.anaconda.org/conda-forge/noarch/traittypes-0.2.1-pyh9f0ad1d_2.tar.bz2#7d32ccb5334a6822c28af3e864550618
https://conda.anaconda.org/conda-forge/osx-64/websocket-client-0.57.0-py39h6e9494a_4.tar.bz2#c805c25507bb4b90dc949581e756fb7d
https://conda.anaconda.org/conda-forge/osx-64/anyio-3.3.4-py39h6e9494a_0.tar.bz2#d4ce83ab705b60accf23812cde5d483a
https://conda.anaconda.org/conda-forge/osx-64/argon2-cffi-21.1.0-py39h89e85a6_0.tar.bz2#4208564072fa3ce6c701af510d358ecd
https://conda.anaconda.org/conda-forge/noarch/backports.functools_lru_cache-1.6.4-pyhd8ed1ab_0.tar.bz2#c5b3edc62d6309088f4970b3eaaa65a6
https://conda.anaconda.org/conda-forge/noarch/bleach-4.1.0-pyhd8ed1ab_0.tar.bz2#4a2104c7b22c222bd0fe03aaef12862c
https://conda.anaconda.org/conda-forge/osx-64/brotlipy-0.7.0-py39h89e85a6_1001.tar.bz2#5d6ca17baad072799574678334840c4d
https://conda.anaconda.org/conda-forge/osx-64/conda-package-handling-1.7.3-py39h89e85a6_0.tar.bz2#8c5d3352869c2a5bf223150891a7f6d0
https://conda.anaconda.org/conda-forge/osx-64/cryptography-35.0.0-py39heaea23e_0.tar.bz2#5cabed9e781576c588260eb915c42c11
https://conda.anaconda.org/conda-forge/noarch/gitpython-3.1.24-pyhd8ed1ab_0.tar.bz2#38b9853bd2dddbfbe1a0f57c5587b667
https://conda.anaconda.org/conda-forge/noarch/jinja2-3.0.2-pyhd8ed1ab_0.tar.bz2#63bce5b7963c5f50273bd86a57b82272
https://conda.anaconda.org/conda-forge/noarch/jsonschema-3.2.0-pyhd8ed1ab_3.tar.bz2#66125e28711d8ffc04a207a2b170316d
https://conda.anaconda.org/conda-forge/noarch/jupyter_client-7.0.6-pyhd8ed1ab_0.tar.bz2#bad4522cf4a022cb5500969ad67c3342
https://conda.anaconda.org/conda-forge/noarch/mako-1.1.5-pyhd8ed1ab_0.tar.bz2#e8f5f27557d8a0f6c4ed9950cd622e50
https://conda.anaconda.org/conda-forge/noarch/mdit-py-plugins-0.2.8-pyhd8ed1ab_0.tar.bz2#49236fcd746a124eb56d326f79e1d46d
https://conda.anaconda.org/conda-forge/osx-64/numpy-1.21.2-py39h7eed0ac_0.tar.bz2#d460f332a4d13cd2194eef96720f0030
https://conda.anaconda.org/conda-forge/noarch/pip-21.3-pyhd8ed1ab_0.tar.bz2#88e8601cd6bdb2d7725e2c7ceb28286a
https://conda.anaconda.org/conda-forge/osx-64/pybtex-0.24.0-py39h6e9494a_0.tar.bz2#b0cc213438934672ffa303fa8745391e
https://conda.anaconda.org/conda-forge/noarch/pygments-2.10.0-pyhd8ed1ab_0.tar.bz2#32bcce837f1316f1c3208118b6c5e5fc
https://conda.anaconda.org/conda-forge/osx-64/ruamel.yaml-0.17.16-py39h89e85a6_0.tar.bz2#1c5ab4b00996df5579f24c3155b94ed5
https://conda.anaconda.org/conda-forge/osx-64/sqlalchemy-1.4.25-py39h89e85a6_0.tar.bz2#8f9018e2811087d7b0b94752bc310b5c
https://conda.anaconda.org/conda-forge/osx-64/terminado-0.12.1-py39h6e9494a_0.tar.bz2#f84e7a6b98aded337d7d064116524fd3
https://conda.anaconda.org/conda-forge/noarch/alembic-1.7.4-pyhd8ed1ab_0.tar.bz2#bba6e5849f39693f53c8b1f907cf3468
https://conda.anaconda.org/conda-forge/noarch/branca-0.4.2-pyhd8ed1ab_0.tar.bz2#836c975d3ae4f21c3cd047c10b15a7cf
https://conda.anaconda.org/conda-forge/osx-64/click-completion-0.5.2-py39h6e9494a_2.tar.bz2#ab5b1dfed5608e527e21a2908cb1dabe
https://conda.anaconda.org/conda-forge/noarch/jupyter_telemetry-0.1.0-pyhd8ed1ab_1.tar.bz2#bb9ebdb6d5aa2622484aff1faceee181
https://conda.anaconda.org/conda-forge/noarch/jupyterlab_pygments-0.1.2-pyh9f0ad1d_0.tar.bz2#2cbd910890bb328e8959246a1e16fac7
https://conda.anaconda.org/conda-forge/noarch/nbformat-5.1.3-pyhd8ed1ab_0.tar.bz2#bafa5df6d4f8db69a4d197b4657127e7
https://conda.anaconda.org/conda-forge/noarch/oauthlib-3.1.1-pyhd8ed1ab_0.tar.bz2#34bb0b023e083aa8a4af74311031a352
https://conda.anaconda.org/conda-forge/osx-64/pybtex-docutils-1.0.1-py39h6e9494a_0.tar.bz2#4e33186af2602b870efa68b3d2ec3266
https://conda.anaconda.org/conda-forge/noarch/pyopenssl-21.0.0-pyhd8ed1ab_0.tar.bz2#8c49efecb7dca466e18b06015e8c88ce
https://conda.anaconda.org/conda-forge/osx-64/shapely-1.7.1-py39h1d9c377_5.tar.bz2#f8442b9f6f2506c3f3eda963bcd8587f
https://conda.anaconda.org/conda-forge/noarch/wcwidth-0.2.5-pyh9f0ad1d_2.tar.bz2#5266fcd697043c59621fda522b3d78ee
https://conda.anaconda.org/conda-forge/noarch/certipy-0.1.3-py_0.tar.bz2#23486713ef5712923e7c57cae609b22e
https://conda.anaconda.org/conda-forge/noarch/jupytext-1.11.5-pyh6002c4b_0.tar.bz2#fffe17232907d2d204902715b5508baa
https://conda.anaconda.org/conda-forge/noarch/nbclient-0.5.4-pyhd8ed1ab_0.tar.bz2#66ea0ea89e4f657a8b85fa5bdfce60ac
https://conda.anaconda.org/conda-forge/noarch/prompt-toolkit-3.0.20-pyha770c72_0.tar.bz2#98a90e847b48fc14b2d5b12e4884e8d4
https://conda.anaconda.org/conda-forge/noarch/urllib3-1.26.7-pyhd8ed1ab_0.tar.bz2#be75bab4820a56f77ba1a3fc9139c36a
https://conda.anaconda.org/conda-forge/osx-64/ipython-7.28.0-py39h71a6800_0.tar.bz2#65bad778cfcb4e00ca83121dae70098b
https://conda.anaconda.org/conda-forge/osx-64/nbconvert-6.2.0-py39h6e9494a_0.tar.bz2#70837f64a09e90ff21eddc352ff1da8f
https://conda.anaconda.org/conda-forge/noarch/requests-2.26.0-pyhd8ed1ab_0.tar.bz2#0ed2ccbde6db9dd5789068eb7194463f
https://conda.anaconda.org/conda-forge/osx-64/conda-4.10.3-py39h6e9494a_2.tar.bz2#d911b1b82e4d2314320b3bd43fd4e705
https://conda.anaconda.org/conda-forge/osx-64/ipykernel-6.4.1-py39h71a6800_0.tar.bz2#298de428ef60c9b9985a8a8eb0f60f2e
https://conda.anaconda.org/conda-forge/osx-64/jupyterhub-base-1.4.2-py39h6e9494a_0.tar.bz2#9a8c5dd890a69854b54de9e2778cb1fe
https://conda.anaconda.org/conda-forge/noarch/requests-unixsocket-0.2.0-py_0.tar.bz2#1e94a233d2f2c81b2bf11bd43a515fbe
https://conda.anaconda.org/conda-forge/noarch/sphinx-4.2.0-pyh6c4a22f_0.tar.bz2#ea5c6881a11a0d9c4d04f1ebae87bb34
https://conda.anaconda.org/conda-forge/noarch/jupyter_server-1.11.1-pyhd8ed1ab_0.tar.bz2#8861413be89425f2c32ec15ad098aeb5
https://conda.anaconda.org/conda-forge/osx-64/mamba-0.17.0-py39hb671511_0.tar.bz2#71c96c0f10c8c3d583aa790488fd5b2a
https://conda.anaconda.org/conda-forge/noarch/myst-parser-0.15.2-pyhd8ed1ab_0.tar.bz2#0c2976e0a1af80ce224388da557eeece
https://conda.anaconda.org/conda-forge/noarch/notebook-6.4.4-pyha770c72_0.tar.bz2#484286bab56ed27acc3ca9e675e3a18c
https://conda.anaconda.org/conda-forge/noarch/pydata-sphinx-theme-0.6.3-pyhd8ed1ab_0.tar.bz2#a84900edc6e963d1cb448488bc06086b
https://conda.anaconda.org/conda-forge/noarch/sphinx-comments-0.0.3-pyh9f0ad1d_0.tar.bz2#2ae3ce35de0c1cec45c94182694f8d1b
https://conda.anaconda.org/conda-forge/noarch/sphinx-copybutton-0.4.0-pyhd8ed1ab_0.tar.bz2#80fd2cc25ad45911b4e42d5b91593e2f
https://conda.anaconda.org/conda-forge/noarch/sphinx-external-toc-0.2.3-pyhd8ed1ab_0.tar.bz2#fedb53110ade7945dee60e18ab834111
https://conda.anaconda.org/conda-forge/noarch/sphinx-jupyterbook-latex-0.4.4-pyhd8ed1ab_0.tar.bz2#9bb19f37fdec33d157a96d4d51ca4f10
https://conda.anaconda.org/conda-forge/noarch/sphinx-multitoc-numbering-0.1.3-pyhd8ed1ab_0.tar.bz2#40749a4d0f0d2e11c65fb26c1cd16a90
https://conda.anaconda.org/conda-forge/noarch/sphinx-panels-0.6.0-pyhd8ed1ab_0.tar.bz2#6eec6480601f5d15babf9c3b3987f34a
https://conda.anaconda.org/conda-forge/noarch/sphinx-thebe-0.0.10-pyhd8ed1ab_0.tar.bz2#3d5c572501989c0519ed907fa558ae74
https://conda.anaconda.org/conda-forge/noarch/sphinx-togglebutton-0.2.3-pyhd3deb0d_0.tar.bz2#3eb34ca58b3cb8df3c92371e79af9e12
https://conda.anaconda.org/conda-forge/noarch/sphinxcontrib-bibtex-2.2.1-pyhd8ed1ab_0.tar.bz2#927ecdc7ffaab15e45d908336ccc504c
https://conda.anaconda.org/conda-forge/noarch/jupyter-resource-usage-0.6.0-pyhd8ed1ab_0.tar.bz2#db6c08b360baeacba755a78d0a1ecabb
https://conda.anaconda.org/conda-forge/noarch/jupyter-server-mathjax-0.2.3-pyhd8ed1ab_0.tar.bz2#2d0951b616bb3a172032ade395706f45
https://conda.anaconda.org/conda-forge/osx-64/jupyterhub-singleuser-1.4.2-py39h6e9494a_0.tar.bz2#250b49051bf626c4553ef88605fd9828
https://conda.anaconda.org/conda-forge/noarch/jupyterlab_server-2.8.2-pyhd8ed1ab_0.tar.bz2#c7891bb53fbb3911f4b526533314d63b
https://conda.anaconda.org/conda-forge/noarch/nbclassic-0.3.2-pyhd8ed1ab_0.tar.bz2#289b4ac8e8ce489d747ef9e4d5e1d4d2
https://conda.anaconda.org/conda-forge/noarch/sphinx-book-theme-0.1.6-pyhd8ed1ab_0.tar.bz2#6cffad9b42c93d92182bfe9d811b7b86
https://conda.anaconda.org/conda-forge/osx-64/widgetsnbextension-3.5.1-py39h6e9494a_4.tar.bz2#b494a8a3cfb8ee5418d5756547d94682
https://conda.anaconda.org/conda-forge/noarch/ipywidgets-7.6.5-pyhd8ed1ab_0.tar.bz2#6f2ee1ec157104df141e2e5afeba98d4
https://conda.anaconda.org/conda-forge/noarch/jupyterlab-3.2.0-pyhd8ed1ab_0.tar.bz2#dac644bc9ae47b7e7864a0a7f906db17
https://conda.anaconda.org/conda-forge/noarch/nbdime-3.1.0-pyhd8ed1ab_0.tar.bz2#01a2197677952bf94a26f8995f8703fe
https://conda.anaconda.org/conda-forge/noarch/ipyleaflet-0.14.0-pyhd8ed1ab_1.tar.bz2#0c8cab53cd1674911fd19c1563232aa0
https://conda.anaconda.org/conda-forge/noarch/jupyter-cache-0.4.3-pyhd8ed1ab_0.tar.bz2#03cd9218c96d513854bfc8714eaf9451
https://conda.anaconda.org/conda-forge/noarch/jupyter-sphinx-0.3.2-pyhd8ed1ab_1.tar.bz2#a47ca0f91417e5d29d075ca416254466
https://conda.anaconda.org/conda-forge/noarch/myst-nb-0.13.1-pyhd8ed1ab_0.tar.bz2#3588991b5d785f9395b94970bbbd67ae
https://conda.anaconda.org/conda-forge/noarch/jupyter-book-0.12.0-pyhd8ed1ab_0.tar.bz2#30e48b59f2937dea6fae248ab4d02ca8
